PODS:
  - Flutter (1.0.0)
  - flutter_qiniucloud_live_plugin (0.0.1):
    - Flutter
    - PLPlayerKit (= 3.4.3)
    - PLRTCStreamingKit (= 3.2.3)
  - permission_handler (4.3.0):
    - Flutter
  - PLPlayerKit (3.4.3):
    - PLPlayerKit/iphoneos (= 3.4.3)
  - PLPlayerKit/iphoneos (3.4.3)
  - PLRTCStreamingKit (3.2.3):
    - PLRTCStreamingKit/iphoneos (= 3.2.3)
  - PLRTCStreamingKit/iphoneos (3.2.3)

DEPENDENCIES:
  - Flutter (from `Flutter`)
  - flutter_qiniucloud_live_plugin (from `.symlinks/plugins/flutter_qiniucloud_live_plugin/ios`)
  - permission_handler (from `.symlinks/plugins/permission_handler/ios`)

SPEC REPOS:
  trunk:
    - PLPlayerKit
    - PLRTCStreamingKit

EXTERNAL SOURCES:
  Flutter:
    :path: Flutter
  flutter_qiniucloud_live_plugin:
    :path: ".symlinks/plugins/flutter_qiniucloud_live_plugin/ios"
  permission_handler:
    :path: ".symlinks/plugins/permission_handler/ios"

SPEC CHECKSUMS:
  Flutter: 50d75fe2f02b26cc09d224853bb45737f8b3214a
  flutter_qiniucloud_live_plugin: 16bebff472d9b0cc561de911b325287b5c8fc51b
  permission_handler: 5c75cfde1229eb85f22d367c093900fac03c6c9e
  PLPlayerKit: a44734dc78c1f8f9fb22c537fa1916612fa46b06
  PLRTCStreamingKit: 4c7d1470d56feda9a96796a7f72cf710119e7abe

PODFILE CHECKSUM: aafe91acc616949ddb318b77800a7f51bffa2a4c

COCOAPODS: 1.11.3
