PODS:
  - Flutter (1.0.0)
  - flutter_qiniucloud_live_plugin (0.0.1):
    - Flutter
    - PLPlayerKit (= 3.4.3)
    - PLRTCStreamingKit (= 3.2.3)
  - PLPlayerKit (3.4.3):
    - PLPlayerKit/iphoneos (= 3.4.3)
  - PLPlayerKit/iphoneos (3.4.3)
  - PLRTCStreamingKit (3.2.3):
    - PLRTCStreamingKit/iphoneos (= 3.2.3)
  - PLRTCStreamingKit/iphoneos (3.2.3)

DEPENDENCIES:
  - Flutter (from `Flutter`)
  - flutter_qiniucloud_live_plugin (from `.symlinks/plugins/flutter_qiniucloud_live_plugin/ios`)

SPEC REPOS:
  trunk:
    - PLPlayerKit
    - PLRTCStreamingKit

EXTERNAL SOURCES:
  Flutter:
    :path: Flutter
  flutter_qiniucloud_live_plugin:
    :path: ".symlinks/plugins/flutter_qiniucloud_live_plugin/ios"

SPEC CHECKSUMS:
  Flutter: f04841e97a9d0b0a8025694d0796dd46242b2854
  flutter_qiniucloud_live_plugin: e02fbafadb63df0f13fb56fefd7b84c4533bbc22
  PLPlayerKit: a44734dc78c1f8f9fb22c537fa1916612fa46b06
  PLRTCStreamingKit: 4c7d1470d56feda9a96796a7f72cf710119e7abe

PODFILE CHECKSUM: 87585dfbd547da448f47d098e60e7673ff168ae0

COCOAPODS: 1.12.1
